<?xml version="1.0" encoding="utf-8"?>
<Project ToolsVersion="4.0" xmlns="http://schemas.microsoft.com/developer/msbuild/2003">
  <ItemGroup>
    <Filter Include="scenes">
      <UniqueIdentifier>{A602591B-92A4-83F1-7B5F-974567A00A42}</UniqueIdentifier>
    </Filter>
  </ItemGroup>
  <ItemGroup>
    <ClInclude Include="src\FlightSimTerrainSystemApp.h" />
    <ClInclude Include="src\scenes\TestScene.h">
      <Filter>scenes</Filter>
    </ClInclude>
    <ClInclude Include="src\scenes\TestSceneCoordinator.h">
      <Filter>scenes</Filter>
    </ClInclude>
  </ItemGroup>
  <ItemGroup>
    <ClCompile Include="src\FlightSimTerrainSystemApp.cpp" />
    <ClCompile Include="src\scenes\TestScene.cpp">
      <Filter>scenes</Filter>
    </ClCompile>
    <ClCompile Include="src\scenes\TestSceneCoordinator.cpp">
      <Filter>scenes</Filter>
    </ClCompile>
  </ItemGroup>
</Project>